
Microsoft Visual Studio Solution File, Format Version 12.00
# Visual Studio Version 16
VisualStudioVersion = 16.0.29920.165
MinimumVisualStudioVersion = 10.0.40219.1
Project("{FAE04EC0-301F-11D3-BF4B-00C04F79EFBC}") = "B20_Ex02", "B20_Ex02\B20_Ex02.csproj", "{4F7815E0-3022-47DB-A9CF-9243D2FE6613}"
EndProject
Global
	GlobalSection(SolutionConfigurationPlatforms) = preSolution
		Debug|Any CPU = Debug|Any CPU
		Release|Any CPU = Release|Any CPU
	EndGlobalSection
	GlobalSection(ProjectConfigurationPlatforms) = postSolution
		{4F7815E0-3022-47DB-A9CF-9243D2FE6613}.Debug|Any CPU.ActiveCfg = Debug|Any CPU
		{4F7815E0-3022-47DB-A9CF-9243D2FE6613}.Debug|Any CPU.Build.0 = Debug|Any CPU
		{4F7815E0-3022-47DB-A9CF-9243D2FE6613}.Release|Any CPU.ActiveCfg = Release|Any CPU
		{4F7815E0-3022-47DB-A9CF-9243D2FE6613}.Release|Any CPU.Build.0 = Release|Any CPU
	EndGlobalSection
	GlobalSection(SolutionProperties) = preSolution
		HideSolutionNode = FALSE
	EndGlobalSection
	GlobalSection(ExtensibilityGlobals) = postSolution
		SolutionGuid = {3CD53E9B-2B75-41B4-B2A9-12DEB552A11E}
	EndGlobalSection
EndGlobal
